// !$*UTF8*$!
{
	archiveVersion = 1;
	classes = {
	};
	objectVersion = 50;
	objects = {

/* Begin PBXBuildFile section */
		6A5D648A212783B5007E032A /* AppDelegate.swift in Sources */ = {isa = PBXBuildFile; fileRef = 6A5D6489212783B5007E032A /* AppDelegate.swift */; };
		6A5D648C212783B5007E032A /* ViewController.swift in Sources */ = {isa = PBXBuildFile; fileRef = 6A5D648B212783B5007E032A /* ViewController.swift */; };
		6A5D648F212783B5007E032A /* Main.storyboard in Resources */ = {isa = PBXBuildFile; fileRef = 6A5D648D212783B5007E032A /* Main.storyboard */; };
		6A5D6491212783B9007E032A /* Assets.xcassets in Resources */ = {isa = PBXBuildFile; fileRef = 6A5D6490212783B9007E032A /* Assets.xcassets */; };
		6A5D6494212783B9007E032A /* LaunchScreen.storyboard in Resources */ = {isa = PBXBuildFile; fileRef = 6A5D6492212783B9007E032A /* LaunchScreen.storyboard */; };
		6A5D649F212783B9007E032A /* ScalarTests.swift in Sources */ = {isa = PBXBuildFile; fileRef = 6A5D649E212783B9007E032A /* ScalarTests.swift */; };
		6A5D64AA212783B9007E032A /* ScalarUITests.swift in Sources */ = {isa = PBXBuildFile; fileRef = 6A5D64A9212783B9007E032A /* ScalarUITests.swift */; };
/* End PBXBuildFile section */

/* Begin PBXContainerItemProxy section */
		6A5D649B212783B9007E032A /* PBXContainerItemProxy */ = {
			isa = PBXContainerItemProxy;
			containerPortal = 6A5D647E212783B5007E032A /* Project object */;
			proxyType = 1;
			remoteGlobalIDString = 6A5D6485212783B5007E032A;
			remoteInfo = Scalar;
		};
		6A5D64A6212783B9007E032A /* PBXContainerItemProxy */ = {
			isa = PBXContainerItemProxy;
			containerPortal = 6A5D647E212783B5007E032A /* Project object */;
			proxyType = 1;
			remoteGlobalIDString = 6A5D6485212783B5007E032A;
			remoteInfo = Scalar;
		};
/* End PBXContainerItemProxy section */

/* Begin PBXFileReference section */
		6A5D6486212783B5007E032A /* Scalar.app */ = {isa = PBXFileReference; explicitFileType = wrapper.application; includeInIndex = 0; path = Scalar.app; sourceTree = BUILT_PRODUCTS_DIR; };
		6A5D6489212783B5007E032A /* AppDelegate.swift */ = {isa = PBXFileReference; lastKnownFileType = sourcecode.swift; path = AppDelegate.swift; sourceTree = "<group>"; };
		6A5D648B212783B5007E032A /* ViewController.swift */ = {isa = PBXFileReference; lastKnownFileType = sourcecode.swift; path = ViewController.swift; sourceTree = "<group>"; };
		6A5D648E212783B5007E032A /* Base */ = {isa = PBXFileReference; lastKnownFileType = file.storyboard; name = Base; path = Base.lproj/Main.storyboard; sourceTree = "<group>"; };
		6A5D6490212783B9007E032A /* Assets.xcassets */ = {isa = PBXFileReference; lastKnownFileType = folder.assetcatalog; path = Assets.xcassets; sourceTree = "<group>"; };
		6A5D6493212783B9007E032A /* Base */ = {isa = PBXFileReference; lastKnownFileType = file.storyboard; name = Base; path = Base.lproj/LaunchScreen.storyboard; sourceTree = "<group>"; };
		6A5D6495212783B9007E032A /* Info.plist */ = {isa = PBXFileReference; lastKnownFileType = text.plist.xml; path = Info.plist; sourceTree = "<group>"; };
		6A5D649A212783B9007E032A /* ScalarTests.xctest */ = {isa = PBXFileReference; explicitFileType = wrapper.cfbundle; includeInIndex = 0; path = ScalarTests.xctest; sourceTree = BUILT_PRODUCTS_DIR; };
		6A5D649E212783B9007E032A /* ScalarTests.swift */ = {isa = PBXFileReference; lastKnownFileType = sourcecode.swift; path = ScalarTests.swift; sourceTree = "<group>"; };
		6A5D64A0212783B9007E032A /* Info.plist */ = {isa = PBXFileReference; lastKnownFileType = text.plist.xml; path = Info.plist; sourceTree = "<group>"; };
		6A5D64A5212783B9007E032A /* ScalarUITests.xctest */ = {isa = PBXFileReference; explicitFileType = wrapper.cfbundle; includeInIndex = 0; path = ScalarUITests.xctest; sourceTree = BUILT_PRODUCTS_DIR; };
		6A5D64A9212783B9007E032A /* ScalarUITests.swift */ = {isa = PBXFileReference; lastKnownFileType = sourcecode.swift; path = ScalarUITests.swift; sourceTree = "<group>"; };
		6A5D64AB212783B9007E032A /* Info.plist */ = {isa = PBXFileReference; lastKnownFileType = text.plist.xml; path = Info.plist; sourceTree = "<group>"; };
/* End PBXFileReference section */

/* Begin PBXFrameworksBuildPhase section */
		6A5D6483212783B5007E032A /* Frameworks */ = {
			isa = PBXFrameworksBuildPhase;
			buildActionMask = 2147483647;
			files = (
			);
			runOnlyForDeploymentPostprocessing = 0;
		};
		6A5D6497212783B9007E032A /* Frameworks */ = {
			isa = PBXFrameworksBuildPhase;
			buildActionMask = 2147483647;
			files = (
			);
			runOnlyForDeploymentPostprocessing = 0;
		};
		6A5D64A2212783B9007E032A /* Frameworks */ = {
			isa = PBXFrameworksBuildPhase;
			buildActionMask = 2147483647;
			files = (
			);
			runOnlyForDeploymentPostprocessing = 0;
		};
/* End PBXFrameworksBuildPhase section */

/* Begin PBXGroup section */
		6A5D647D212783B5007E032A = {
			isa = PBXGroup;
			children = (
				6A5D6488212783B5007E032A /* Scalar */,
				6A5D649D212783B9007E032A /* ScalarTests */,
				6A5D64A8212783B9007E032A /* ScalarUITests */,
				6A5D6487212783B5007E032A /* Products */,
			);
			sourceTree = "<group>";
		};
		6A5D6487212783B5007E032A /* Products */ = {
			isa = PBXGroup;
			children = (
				6A5D6486212783B5007E032A /* Scalar.app */,
				6A5D649A212783B9007E032A /* ScalarTests.xctest */,
				6A5D64A5212783B9007E032A /* ScalarUITests.xctest */,
			);
			name = Products;
			sourceTree = "<group>";
		};
		6A5D6488212783B5007E032A /* Scalar */ = {
			isa = PBXGroup;
			children = (
				6A5D6489212783B5007E032A /* AppDelegate.swift */,
				6A5D648B212783B5007E032A /* ViewController.swift */,
				6A5D648D212783B5007E032A /* Main.storyboard */,
				6A5D6490212783B9007E032A /* Assets.xcassets */,
				6A5D6492212783B9007E032A /* LaunchScreen.storyboard */,
				6A5D6495212783B9007E032A /* Info.plist */,
			);
			path = Scalar;
			sourceTree = "<group>";
		};
		6A5D649D212783B9007E032A /* ScalarTests */ = {
			isa = PBXGroup;
			children = (
				6A5D649E212783B9007E032A /* ScalarTests.swift */,
				6A5D64A0212783B9007E032A /* Info.plist */,
			);
			path = ScalarTests;
			sourceTree = "<group>";
		};
		6A5D64A8212783B9007E032A /* ScalarUITests */ = {
			isa = PBXGroup;
			children = (
				6A5D64A9212783B9007E032A /* ScalarUITests.swift */,
				6A5D64AB212783B9007E032A /* Info.plist */,
			);
			path = ScalarUITests;
			sourceTree = "<group>";
		};
/* End PBXGroup section */

/* Begin PBXNativeTarget section */
		6A5D6485212783B5007E032A /* Scalar */ = {
			isa = PBXNativeTarget;
			buildConfigurationList = 6A5D64AE212783B9007E032A /* Build configuration list for PBXNativeTarget "Scalar" */;
			buildPhases = (
				6A5D6482212783B5007E032A /* Sources */,
				6A5D6483212783B5007E032A /* Frameworks */,
				6A5D6484212783B5007E032A /* Resources */,
			);
			buildRules = (
			);
			dependencies = (
			);
			name = Scalar;
			productName = Scalar;
			productReference = 6A5D6486212783B5007E032A /* Scalar.app */;
			productType = "com.apple.product-type.application";
		};
		6A5D6499212783B9007E032A /* ScalarTests */ = {
			isa = PBXNativeTarget;
			buildConfigurationList = 6A5D64B1212783B9007E032A /* Build configuration list for PBXNativeTarget "ScalarTests" */;
			buildPhases = (
				6A5D6496212783B9007E032A /* Sources */,
				6A5D6497212783B9007E032A /* Frameworks */,
				6A5D6498212783B9007E032A /* Resources */,
			);
			buildRules = (
			);
			dependencies = (
				6A5D649C212783B9007E032A /* PBXTargetDependency */,
			);
			name = ScalarTests;
			productName = ScalarTests;
			productReference = 6A5D649A212783B9007E032A /* ScalarTests.xctest */;
			productType = "com.apple.product-type.bundle.unit-test";
		};
		6A5D64A4212783B9007E032A /* ScalarUITests */ = {
			isa = PBXNativeTarget;
			buildConfigurationList = 6A5D64B4212783B9007E032A /* Build configuration list for PBXNativeTarget "ScalarUITests" */;
			buildPhases = (
				6A5D64A1212783B9007E032A /* Sources */,
				6A5D64A2212783B9007E032A /* Frameworks */,
				6A5D64A3212783B9007E032A /* Resources */,
			);
			buildRules = (
			);
			dependencies = (
				6A5D64A7212783B9007E032A /* PBXTargetDependency */,
			);
			name = ScalarUITests;
			productName = ScalarUITests;
			productReference = 6A5D64A5212783B9007E032A /* ScalarUITests.xctest */;
			productType = "com.apple.product-type.bundle.ui-testing";
		};
/* End PBXNativeTarget section */

/* Begin PBXProject section */
		6A5D647E212783B5007E032A /* Project object */ = {
			isa = PBXProject;
			attributes = {
				LastSwiftUpdateCheck = 0930;
				LastUpgradeCheck = 0930;
				ORGANIZATIONNAME = "Khoi Nguyen";
				TargetAttributes = {
					6A5D6485212783B5007E032A = {
						CreatedOnToolsVersion = 9.3;
					};
					6A5D6499212783B9007E032A = {
						CreatedOnToolsVersion = 9.3;
						TestTargetID = 6A5D6485212783B5007E032A;
					};
					6A5D64A4212783B9007E032A = {
						CreatedOnToolsVersion = 9.3;
						TestTargetID = 6A5D6485212783B5007E032A;
					};
				};
			};
			buildConfigurationList = 6A5D6481212783B5007E032A /* Build configuration list for PBXProject "Scalar" */;
			compatibilityVersion = "Xcode 9.3";
			developmentRegion = en;
			hasScannedForEncodings = 0;
			knownRegions = (
				en,
				Base,
			);
			mainGroup = 6A5D647D212783B5007E032A;
			productRefGroup = 6A5D6487212783B5007E032A /* Products */;
			projectDirPath = "";
			projectRoot = "";
			targets = (
				6A5D6485212783B5007E032A /* Scalar */,
				6A5D6499212783B9007E032A /* ScalarTests */,
				6A5D64A4212783B9007E032A /* ScalarUITests */,
			);
		};
/* End PBXProject section */

/* Begin PBXResourcesBuildPhase section */
		6A5D6484212783B5007E032A /* Resources */ = {
			isa = PBXResourcesBuildPhase;
			buildActionMask = 2147483647;
			files = (
				6A5D6494212783B9007E032A /* LaunchScreen.storyboard in Resources */,
				6A5D6491212783B9007E032A /* Assets.xcassets in Resources */,
				6A5D648F212783B5007E032A /* Main.storyboard in Resources */,
			);
			runOnlyForDeploymentPostprocessing = 0;
		};
		6A5D6498212783B9007E032A /* Resources */ = {
			isa = PBXResourcesBuildPhase;
			buildActionMask = 2147483647;
			files = (
			);
			runOnlyForDeploymentPostprocessing = 0;
		};
		6A5D64A3212783B9007E032A /* Resources */ = {
			isa = PBXResourcesBuildPhase;
			buildActionMask = 2147483647;
			files = (
			);
			runOnlyForDeploymentPostprocessing = 0;
		};
/* End PBXResourcesBuildPhase section */

/* Begin PBXSourcesBuildPhase section */
		6A5D6482212783B5007E032A /* Sources */ = {
			isa = PBXSourcesBuildPhase;
			buildActionMask = 2147483647;
			files = (
				6A5D648C212783B5007E032A /* ViewController.swift in Sources */,
				6A5D648A212783B5007E032A /* AppDelegate.swift in Sources */,
			);
			runOnlyForDeploymentPostprocessing = 0;
		};
		6A5D6496212783B9007E032A /* Sources */ = {
			isa = PBXSourcesBuildPhase;
			buildActionMask = 2147483647;
			files = (
				6A5D649F212783B9007E032A /* ScalarTests.swift in Sources */,
			);
			runOnlyForDeploymentPostprocessing = 0;
		};
		6A5D64A1212783B9007E032A /* Sources */ = {
			isa = PBXSourcesBuildPhase;
			buildActionMask = 2147483647;
			files = (
				6A5D64AA212783B9007E032A /* ScalarUITests.swift in Sources */,
			);
			runOnlyForDeploymentPostprocessing = 0;
		};
/* End PBXSourcesBuildPhase section */

/* Begin PBXTargetDependency section */
		6A5D649C212783B9007E032A /* PBXTargetDependency */ = {
			isa = PBXTargetDependency;
			target = 6A5D6485212783B5007E032A /* Scalar */;
			targetProxy = 6A5D649B212783B9007E032A /* PBXContainerItemProxy */;
		};
		6A5D64A7212783B9007E032A /* PBXTargetDependency */ = {
			isa = PBXTargetDependency;
			target = 6A5D6485212783B5007E032A /* Scalar */;
			targetProxy = 6A5D64A6212783B9007E032A /* PBXContainerItemProxy */;
		};
/* End PBXTargetDependency section */

/* Begin PBXVariantGroup section */
		6A5D648D212783B5007E032A /* Main.storyboard */ = {
			isa = PBXVariantGroup;
			children = (
				6A5D648E212783B5007E032A /* Base */,
			);
			name = Main.storyboard;
			sourceTree = "<group>";
		};
		6A5D6492212783B9007E032A /* LaunchScreen.storyboard */ = {
			isa = PBXVariantGroup;
			children = (
				6A5D6493212783B9007E032A /* Base */,
			);
			name = LaunchScreen.storyboard;
			sourceTree = "<group>";
		};
/* End PBXVariantGroup section */

/* Begin XCBuildConfiguration section */
		6A5D64AC212783B9007E032A /* Debug */ = {
			isa = XCBuildConfiguration;
			buildSettings = {
				ALWAYS_SEARCH_USER_PATHS = NO;
				CLANG_ANALYZER_NONNULL = YES;
				CLANG_ANALYZER_NUMBER_OBJECT_CONVERSION = YES_AGGRESSIVE;
				CLANG_CXX_LANGUAGE_STANDARD = "gnu++14";
				CLANG_CXX_LIBRARY = "libc++";
				CLANG_ENABLE_MODULES = YES;
				CLANG_ENABLE_OBJC_ARC = YES;
				CLANG_ENABLE_OBJC_WEAK = YES;
				CLANG_WARN_BLOCK_CAPTURE_AUTORELEASING = YES;
				CLANG_WARN_BOOL_CONVERSION = YES;
				CLANG_WARN_COMMA = YES;
				CLANG_WARN_CONSTANT_CONVERSION = YES;
				CLANG_WARN_DEPRECATED_OBJC_IMPLEMENTATIONS = YES;
				CLANG_WARN_DIRECT_OBJC_ISA_USAGE = YES_ERROR;
				CLANG_WARN_DOCUMENTATION_COMMENTS = YES;
				CLANG_WARN_EMPTY_BODY = YES;
				CLANG_WARN_ENUM_CONVERSION = YES;
				CLANG_WARN_INFINITE_RECURSION = YES;
				CLANG_WARN_INT_CONVERSION = YES;
				CLANG_WARN_NON_LITERAL_NULL_CONVERSION = YES;
				CLANG_WARN_OBJC_IMPLICIT_RETAIN_SELF = YES;
				CLANG_WARN_OBJC_LITERAL_CONVERSION = YES;
				CLANG_WARN_OBJC_ROOT_CLASS = YES_ERROR;
				CLANG_WARN_RANGE_LOOP_ANALYSIS = YES;
				CLANG_WARN_STRICT_PROTOTYPES = YES;
				CLANG_WARN_SUSPICIOUS_MOVE = YES;
				CLANG_WARN_UNGUARDED_AVAILABILITY = YES_AGGRESSIVE;
				CLANG_WARN_UNREACHABLE_CODE = YES;
				CLANG_WARN__DUPLICATE_METHOD_MATCH = YES;
				CODE_SIGN_IDENTITY = "iPhone Developer";
				COPY_PHASE_STRIP = NO;
				DEBUG_INFORMATION_FORMAT = dwarf;
				ENABLE_STRICT_OBJC_MSGSEND = YES;
				ENABLE_TESTABILITY = YES;
				GCC_C_LANGUAGE_STANDARD = gnu11;
				GCC_DYNAMIC_NO_PIC = NO;
				GCC_NO_COMMON_BLOCKS = YES;
				GCC_OPTIMIZATION_LEVEL = 0;
				GCC_PREPROCESSOR_DEFINITIONS = (
					"DEBUG=1",
					"$(inherited)",
				);
				GCC_WARN_64_TO_32_BIT_CONVERSION = YES;
				GCC_WARN_ABOUT_RETURN_TYPE = YES_ERROR;
				GCC_WARN_UNDECLARED_SELECTOR = YES;
				GCC_WARN_UNINITIALIZED_AUTOS = YES_AGGRESSIVE;
				GCC_WARN_UNUSED_FUNCTION = YES;
				GCC_WARN_UNUSED_VARIABLE = YES;
				IPHONEOS_DEPLOYMENT_TARGET = 11.3;
				MTL_ENABLE_DEBUG_INFO = YES;
				ONLY_ACTIVE_ARCH = YES;
				SDKROOT = iphoneos;
				SWIFT_ACTIVE_COMPILATION_CONDITIONS = DEBUG;
				SWIFT_OPTIMIZATION_LEVEL = "-Onone";
			};
			name = Debug;
		};
		6A5D64AD212783B9007E032A /* Release */ = {
			isa = XCBuildConfiguration;
			buildSettings = {
				ALWAYS_SEARCH_USER_PATHS = NO;
				CLANG_ANALYZER_NONNULL = YES;
				CLANG_ANALYZER_NUMBER_OBJECT_CONVERSION = YES_AGGRESSIVE;
				CLANG_CXX_LANGUAGE_STANDARD = "gnu++14";
				CLANG_CXX_LIBRARY = "libc++";
				CLANG_ENABLE_MODULES = YES;
				CLANG_ENABLE_OBJC_ARC = YES;
				CLANG_ENABLE_OBJC_WEAK = YES;
				CLANG_WARN_BLOCK_CAPTURE_AUTORELEASING = YES;
				CLANG_WARN_BOOL_CONVERSION = YES;
				CLANG_WARN_COMMA = YES;
				CLANG_WARN_CONSTANT_CONVERSION = YES;
				CLANG_WARN_DEPRECATED_OBJC_IMPLEMENTATIONS = YES;
				CLANG_WARN_DIRECT_OBJC_ISA_USAGE = YES_ERROR;
				CLANG_WARN_DOCUMENTATION_COMMENTS = YES;
				CLANG_WARN_EMPTY_BODY = YES;
				CLANG_WARN_ENUM_CONVERSION = YES;
				CLANG_WARN_INFINITE_RECURSION = YES;
				CLANG_WARN_INT_CONVERSION = YES;
				CLANG_WARN_NON_LITERAL_NULL_CONVERSION = YES;
				CLANG_WARN_OBJC_IMPLICIT_RETAIN_SELF = YES;
				CLANG_WARN_OBJC_LITERAL_CONVERSION = YES;
				CLANG_WARN_OBJC_ROOT_CLASS = YES_ERROR;
				CLANG_WARN_RANGE_LOOP_ANALYSIS = YES;
				CLANG_WARN_STRICT_PROTOTYPES = YES;
				CLANG_WARN_SUSPICIOUS_MOVE = YES;
				CLANG_WARN_UNGUARDED_AVAILABILITY = YES_AGGRESSIVE;
				CLANG_WARN_UNREACHABLE_CODE = YES;
				CLANG_WARN__DUPLICATE_METHOD_MATCH = YES;
				CODE_SIGN_IDENTITY = "iPhone Developer";
				COPY_PHASE_STRIP = NO;
				DEBUG_INFORMATION_FORMAT = "dwarf-with-dsym";
				ENABLE_NS_ASSERTIONS = NO;
				ENABLE_STRICT_OBJC_MSGSEND = YES;
				GCC_C_LANGUAGE_STANDARD = gnu11;
				GCC_NO_COMMON_BLOCKS = YES;
				GCC_WARN_64_TO_32_BIT_CONVERSION = YES;
				GCC_WARN_ABOUT_RETURN_TYPE = YES_ERROR;
				GCC_WARN_UNDECLARED_SELECTOR = YES;
				GCC_WARN_UNINITIALIZED_AUTOS = YES_AGGRESSIVE;
				GCC_WARN_UNUSED_FUNCTION = YES;
				GCC_WARN_UNUSED_VARIABLE = YES;
				IPHONEOS_DEPLOYMENT_TARGET = 11.3;
				MTL_ENABLE_DEBUG_INFO = NO;
				SDKROOT = iphoneos;
				SWIFT_COMPILATION_MODE = wholemodule;
				SWIFT_OPTIMIZATION_LEVEL = "-O";
				VALIDATE_PRODUCT = YES;
			};
			name = Release;
		};
		6A5D64AF212783B9007E032A /* Debug */ = {
			isa = XCBuildConfiguration;
			buildSettings = {
				ASSETCATALOG_COMPILER_APPICON_NAME = AppIcon;
				CODE_SIGN_STYLE = Automatic;
				DEVELOPMENT_TEAM = 56UUA466T8;
				INFOPLIST_FILE = Scalar/Info.plist;
				IPHONEOS_DEPLOYMENT_TARGET = 12.0;
				LD_RUNPATH_SEARCH_PATHS = (
					"$(inherited)",
					"@executable_path/Frameworks",
				);
				PRODUCT_BUNDLE_IDENTIFIER = ios.Scalar;
				PRODUCT_NAME = "$(TARGET_NAME)";
				SWIFT_VERSION = 4.0;
				TARGETED_DEVICE_FAMILY = "1,2";
			};
			name = Debug;
		};
		6A5D64B0212783B9007E032A /* Release */ = {
			isa = XCBuildConfiguration;
			buildSettings = {
				ASSETCATALOG_COMPILER_APPICON_NAME = AppIcon;
				CODE_SIGN_STYLE = Automatic;
				DEVELOPMENT_TEAM = 56UUA466T8;
				INFOPLIST_FILE = Scalar/Info.plist;
				IPHONEOS_DEPLOYMENT_TARGET = 12.0;
				LD_RUNPATH_SEARCH_PATHS = (
					"$(inherited)",
					"@executable_path/Frameworks",
				);
				PRODUCT_BUNDLE_IDENTIFIER = ios.Scalar;
				PRODUCT_NAME = "$(TARGET_NAME)";
				SWIFT_VERSION = 4.0;
				TARGETED_DEVICE_FAMILY = "1,2";
			};
			name = Release;
		};
		6A5D64B2212783B9007E032A /* Debug */ = {
			isa = XCBuildConfiguration;
			buildSettings = {
				ALWAYS_EMBED_SWIFT_STANDARD_LIBRARIES = YES;
				BUNDLE_LOADER = "$(TEST_HOST)";
				CODE_SIGN_STYLE = Automatic;
				INFOPLIST_FILE = ScalarTests/Info.plist;
				LD_RUNPATH_SEARCH_PATHS = (
					"$(inherited)",
					"@executable_path/Frameworks",
					"@loader_path/Frameworks",
				);
				PRODUCT_BUNDLE_IDENTIFIER = ios.ScalarTests;
				PRODUCT_NAME = "$(TARGET_NAME)";
				SWIFT_VERSION = 4.0;
				TARGETED_DEVICE_FAMILY = "1,2";
				TEST_HOST = "$(BUILT_PRODUCTS_DIR)/Scalar.app/Scalar";
			};
			name = Debug;
		};
		6A5D64B3212783B9007E032A /* Release */ = {
			isa = XCBuildConfiguration;
			buildSettings = {
				ALWAYS_EMBED_SWIFT_STANDARD_LIBRARIES = YES;
				BUNDLE_LOADER = "$(TEST_HOST)";
				CODE_SIGN_STYLE = Automatic;
				INFOPLIST_FILE = ScalarTests/Info.plist;
				LD_RUNPATH_SEARCH_PATHS = (
					"$(inherited)",
					"@executable_path/Frameworks",
					"@loader_path/Frameworks",
				);
				PRODUCT_BUNDLE_IDENTIFIER = ios.ScalarTests;
				PRODUCT_NAME = "$(TARGET_NAME)";
				SWIFT_VERSION = 4.0;
				TARGETED_DEVICE_FAMILY = "1,2";
				TEST_HOST = "$(BUILT_PRODUCTS_DIR)/Scalar.app/Scalar";
			};
			name = Release;
		};
		6A5D64B5212783B9007E032A /* Debug */ = {
			isa = XCBuildConfiguration;
			buildSettings = {
				ALWAYS_EMBED_SWIFT_STANDARD_LIBRARIES = YES;
				CODE_SIGN_STYLE = Automatic;
				INFOPLIST_FILE = ScalarUITests/Info.plist;
				LD_RUNPATH_SEARCH_PATHS = (
					"$(inherited)",
					"@executable_path/Frameworks",
					"@loader_path/Frameworks",
				);
				PRODUCT_BUNDLE_IDENTIFIER = ios.ScalarUITests;
				PRODUCT_NAME = "$(TARGET_NAME)";
				SWIFT_VERSION = 4.0;
				TARGETED_DEVICE_FAMILY = "1,2";
				TEST_TARGET_NAME = Scalar;
			};
			name = Debug;
		};
		6A5D64B6212783B9007E032A /* Release */ = {
			isa = XCBuildConfiguration;
			buildSettings = {
				ALWAYS_EMBED_SWIFT_STANDARD_LIBRARIES = YES;
				CODE_SIGN_STYLE = Automatic;
				INFOPLIST_FILE = ScalarUITests/Info.plist;
				LD_RUNPATH_SEARCH_PATHS = (
					"$(inherited)",
					"@executable_path/Frameworks",
					"@loader_path/Frameworks",
				);
				PRODUCT_BUNDLE_IDENTIFIER = ios.ScalarUITests;
				PRODUCT_NAME = "$(TARGET_NAME)";
				SWIFT_VERSION = 4.0;
				TARGETED_DEVICE_FAMILY = "1,2";
				TEST_TARGET_NAME = Scalar;
			};
			name = Release;
		};
/* End XCBuildConfiguration section */

/* Begin XCConfigurationList section */
		6A5D6481212783B5007E032A /* Build configuration list for PBXProject "Scalar" */ = {
			isa = XCConfigurationList;
			buildConfigurations = (
				6A5D64AC212783B9007E032A /* Debug */,
				6A5D64AD212783B9007E032A /* Release */,
			);
			defaultConfigurationIsVisible = 0;
			defaultConfigurationName = Release;
		};
		6A5D64AE212783B9007E032A /* Build configuration list for PBXNativeTarget "Scalar" */ = {
			isa = XCConfigurationList;
			buildConfigurations = (
				6A5D64AF212783B9007E032A /* Debug */,
				6A5D64B0212783B9007E032A /* Release */,
			);
			defaultConfigurationIsVisible = 0;
			defaultConfigurationName = Release;
		};
		6A5D64B1212783B9007E032A /* Build configuration list for PBXNativeTarget "ScalarTests" */ = {
			isa = XCConfigurationList;
			buildConfigurations = (
				6A5D64B2212783B9007E032A /* Debug */,
				6A5D64B3212783B9007E032A /* Release */,
			);
			defaultConfigurationIsVisible = 0;
			defaultConfigurationName = Release;
		};
		6A5D64B4212783B9007E032A /* Build configuration list for PBXNativeTarget "ScalarUITests" */ = {
			isa = XCConfigurationList;
			buildConfigurations = (
				6A5D64B5212783B9007E032A /* Debug */,
				6A5D64B6212783B9007E032A /* Release */,
			);
			defaultConfigurationIsVisible = 0;
			defaultConfigurationName = Release;
		};
/* End XCConfigurationList section */
	};
	rootObject = 6A5D647E212783B5007E032A /* Project object */;
}
